# nanvix.lock - auto-generated by nanvix_zutil. DO NOT EDIT.

[metadata]
manifest-hash = "sha256:9306a1a5c07098de2f6bd465db04ce04debe5a00be586cffca2bb5cd8cadac09"
nanvix-zutil-version = "0.16.3"

[metadata.sdk]
schema-version = 1
sdk-version = "v0.24.49-sdk.1"
provider-id = "c-clang"
provider = "clang"
role = "c"
image-name = "ghcr.io/nanvix/nanvix-sdk-c-clang"
image-digest = "sha256:c1e6b54602cb9d06274cc66fe326f0f2cd5f9837653d8a4240787982bba14746"
image-ref = "ghcr.io/nanvix/nanvix-sdk-c-clang@sha256:c1e6b54602cb9d06274cc66fe326f0f2cd5f9837653d8a4240787982bba14746"
nanvix-tag = "v0.24.49"
nanvix-version = "0.24.49"
nanvix-commit = "6af30b12760966c36f91c586755f9bd256f444f7"
sysroot-sha256 = "756ca85ea09fc558ef032ce9a51c1f9af1430d055f07a2a8a8d747459088bb3b"

[metadata.sdk.target]
alias = "i686-nanvix"
triple = "i686-unknown-nanvix"

[metadata.sdk.toolchain]
llvm_commit = "ea066914e530a1b91373e0cabe068aac1849d623"
llvm_version = "22.1.8"
port_branch = "nanvix/v22.1.8"

[metadata.sdk.compat]
abi = "static-elf"
c_abi = "i686-nanvix-sysv-1"
cxx_abi = "libc++"
min_nanvix_os = "0.19.9"

[metadata.sdk.features]
compiler_rt = "builtins-only"
dynamic_loader = false
filesystem = true
localization = true
wide_chars = true


[[package]]
name = "nanvix"
repo = "nanvix/nanvix"
kind = "sysroot"
ref-kind = "tag"
ref-value = "0.24.49"
resolved-tag = "v0.24.49"
resolved-commitish = "6af30b12760966c36f91c586755f9bd256f444f7"
release-id = 397090667
dependencies = []

[[package.assets]]
name = "nanvix-windows-x86-microvm-standalone-release-256mb-6af30b12760966c36f91c586755f9bd256f444f7.zip"
url = "https://github.com/nanvix/nanvix/releases/download/v0.24.49/nanvix-windows-x86-microvm-standalone-release-256mb-6af30b12760966c36f91c586755f9bd256f444f7.zip"
id = 589952700

[[package.assets]]
name = "nanvix-windows-x86_64-microvm-standalone-release-256mb-6af30b12760966c36f91c586755f9bd256f444f7.zip"
url = "https://github.com/nanvix/nanvix/releases/download/v0.24.49/nanvix-windows-x86_64-microvm-standalone-release-256mb-6af30b12760966c36f91c586755f9bd256f444f7.zip"
id = 589952778

[[package.assets]]
name = "nanvix-x86-microvm-standalone-release-256mb-6af30b12760966c36f91c586755f9bd256f444f7.tar.bz2"
url = "https://github.com/nanvix/nanvix/releases/download/v0.24.49/nanvix-x86-microvm-standalone-release-256mb-6af30b12760966c36f91c586755f9bd256f444f7.tar.bz2"
id = 589952850

[[package.assets]]
name = "nanvix-x86_64-microvm-standalone-release-256mb-6af30b12760966c36f91c586755f9bd256f444f7.tar.bz2"
url = "https://github.com/nanvix/nanvix/releases/download/v0.24.49/nanvix-x86_64-microvm-standalone-release-256mb-6af30b12760966c36f91c586755f9bd256f444f7.tar.bz2"
id = 589952863

[[package]]
name = "zlib"
repo = "nanvix/zlib"
kind = "dependency"
ref-kind = "version"
ref-value = "1.3.1-nanvix-0.24.49-sdk.1"
resolved-tag = "1.3.1-nanvix-0.24.49-sdk.1"
resolved-commitish = "nanvix/v1.3.1"
release-id = 397680582
dependencies = []
required-by = [
    "libxml2",
    "libxslt",
]

[[package.assets]]
name = "zlib-linux-x86-microvm-standalone-256mb-dev.tar.gz"
url = "https://github.com/nanvix/zlib/releases/download/1.3.1-nanvix-0.24.49-sdk.1/zlib-linux-x86-microvm-standalone-256mb-dev.tar.gz"
id = 593087758

[[package.assets]]
name = "zlib-windows-x86-microvm-standalone-256mb-dev.zip"
url = "https://github.com/nanvix/zlib/releases/download/1.3.1-nanvix-0.24.49-sdk.1/zlib-windows-x86-microvm-standalone-256mb-dev.zip"
id = 593087757

[[package]]
name = "libxml2"
repo = "nanvix/libxml2"
kind = "dependency"
ref-kind = "version"
ref-value = "2.12.9-nanvix-0.24.49-sdk.1"
resolved-tag = "2.12.9-nanvix-0.24.49-sdk.1"
resolved-commitish = "nanvix/v2.12.9"
release-id = 397694328
dependencies = [
    "zlib",
]
required-by = [
    "libxslt",
]

[[package.assets]]
name = "libxml2-linux-x86-microvm-standalone-256mb-dev.tar.gz"
url = "https://github.com/nanvix/libxml2/releases/download/2.12.9-nanvix-0.24.49-sdk.1/libxml2-linux-x86-microvm-standalone-256mb-dev.tar.gz"
id = 593154959

[[package.assets]]
name = "libxml2-linux-x86-microvm-standalone-256mb.tar.gz"
url = "https://github.com/nanvix/libxml2/releases/download/2.12.9-nanvix-0.24.49-sdk.1/libxml2-linux-x86-microvm-standalone-256mb.tar.gz"
id = 593154963

[[package.assets]]
name = "libxml2-windows-x86-microvm-standalone-256mb-dev.zip"
url = "https://github.com/nanvix/libxml2/releases/download/2.12.9-nanvix-0.24.49-sdk.1/libxml2-windows-x86-microvm-standalone-256mb-dev.zip"
id = 593154967

[[package.assets]]
name = "libxml2-windows-x86-microvm-standalone-256mb.zip"
url = "https://github.com/nanvix/libxml2/releases/download/2.12.9-nanvix-0.24.49-sdk.1/libxml2-windows-x86-microvm-standalone-256mb.zip"
id = 593154961

[[package]]
name = "libxslt"
repo = "nanvix/libxslt"
kind = "dependency"
ref-kind = "version"
ref-value = "1.1.42-nanvix-0.24.49-sdk.1"
resolved-tag = "1.1.42-nanvix-0.24.49-sdk.1"
resolved-commitish = "nanvix/v1.1.42"
release-id = 397704926
dependencies = [
    "libxml2",
    "zlib",
]

[[package.assets]]
name = "libxslt-linux-x86-microvm-standalone-256mb-dev.tar.gz"
url = "https://github.com/nanvix/libxslt/releases/download/1.1.42-nanvix-0.24.49-sdk.1/libxslt-linux-x86-microvm-standalone-256mb-dev.tar.gz"
id = 593207994

[[package.assets]]
name = "libxslt-windows-x86-microvm-standalone-256mb-dev.zip"
url = "https://github.com/nanvix/libxslt/releases/download/1.1.42-nanvix-0.24.49-sdk.1/libxslt-windows-x86-microvm-standalone-256mb-dev.zip"
id = 593207997
