# nanvix.lock - auto-generated by nanvix_zutil. DO NOT EDIT.

[metadata]
manifest-hash = "sha256:a4bf96182505f8627884ebc0c65da61140070cdc0da1a9e238170e3b7e5c5d75"
nanvix-zutil-version = "0.16.3"

[metadata.sdk]
schema-version = 1
sdk-version = "v0.20.13-sdk.1"
provider-id = "c-clang"
provider = "clang"
role = "c"
image-name = "ghcr.io/nanvix/nanvix-sdk-c-clang"
image-digest = "sha256:a4e67bb9638481aae70a4e516c96057f52509d9048da064dceafd13623a9549f"
image-ref = "ghcr.io/nanvix/nanvix-sdk-c-clang@sha256:a4e67bb9638481aae70a4e516c96057f52509d9048da064dceafd13623a9549f"
nanvix-tag = "v0.20.13"
nanvix-version = "0.20.13"
nanvix-commit = "a630e2609baf940ae51170db4fc32fea64264d84"
sysroot-sha256 = "d8b5248fecc74ccf5e5e6d1f896cd4f73e38ef3b826a01ed687cb72b7df195f7"

[metadata.sdk.target]
alias = "i686-nanvix"
triple = "i686-unknown-nanvix"

[metadata.sdk.toolchain]
llvm_commit = "2534139f2bf3d0882347fc9fbea32af2766434de"
llvm_version = "22.1.8"
port_branch = "nanvix/v22.1.8"

[metadata.sdk.compat]
abi = "static-elf"
c_abi = "i686-nanvix-sysv-1"
cxx_abi = "libc++"
min_nanvix_os = "0.19.9"

[metadata.sdk.features]
compiler_rt = "builtins-only"
dynamic_loader = false
filesystem = true
localization = true
wide_chars = true


[[package]]
name = "nanvix"
repo = "nanvix/nanvix"
kind = "sysroot"
ref-kind = "tag"
ref-value = "0.20.13"
resolved-tag = "v0.20.13"
resolved-commitish = "a630e2609baf940ae51170db4fc32fea64264d84"
release-id = 354847753
dependencies = []

[[package.assets]]
name = "nanvix-windows-x86-microvm-standalone-release-256mb-a630e2609baf940ae51170db4fc32fea64264d84.zip"
url = "https://github.com/nanvix/nanvix/releases/download/v0.20.13/nanvix-windows-x86-microvm-standalone-release-256mb-a630e2609baf940ae51170db4fc32fea64264d84.zip"
id = 478705213

[[package.assets]]
name = "nanvix-x86-microvm-single-process-release-256mb-a630e2609baf940ae51170db4fc32fea64264d84.tar.bz2"
url = "https://github.com/nanvix/nanvix/releases/download/v0.20.13/nanvix-x86-microvm-single-process-release-256mb-a630e2609baf940ae51170db4fc32fea64264d84.tar.bz2"
id = 478705286

[[package.assets]]
name = "nanvix-x86-microvm-standalone-release-256mb-a630e2609baf940ae51170db4fc32fea64264d84.tar.bz2"
url = "https://github.com/nanvix/nanvix/releases/download/v0.20.13/nanvix-x86-microvm-standalone-release-256mb-a630e2609baf940ae51170db4fc32fea64264d84.tar.bz2"
id = 478705299

[[package]]
name = "zlib"
repo = "nanvix/zlib"
kind = "dependency"
ref-kind = "version"
ref-value = "1.3.1-nanvix-0.20.13-sdk.1"
resolved-tag = "1.3.1-nanvix-0.20.13-sdk.1"
resolved-commitish = "nanvix/v1.3.1"
release-id = 355610444
dependencies = []
required-by = [
    "libxml2",
    "libxslt",
]

[[package.assets]]
name = "zlib-linux-x86-microvm-standalone-256mb-dev.tar.gz"
url = "https://github.com/nanvix/zlib/releases/download/1.3.1-nanvix-0.20.13-sdk.1/zlib-linux-x86-microvm-standalone-256mb-dev.tar.gz"
id = 480256523

[[package.assets]]
name = "zlib-windows-x86-microvm-standalone-256mb-dev.zip"
url = "https://github.com/nanvix/zlib/releases/download/1.3.1-nanvix-0.20.13-sdk.1/zlib-windows-x86-microvm-standalone-256mb-dev.zip"
id = 480256526

[[package]]
name = "libxml2"
repo = "nanvix/libxml2"
kind = "dependency"
ref-kind = "version"
ref-value = "2.12.9-nanvix-0.20.13-sdk.1"
resolved-tag = "2.12.9-nanvix-0.20.13-sdk.1"
resolved-commitish = "nanvix/v2.12.9"
release-id = 355637307
dependencies = [
    "zlib",
]
required-by = [
    "libxslt",
]

[[package.assets]]
name = "libxml2-linux-x86-microvm-standalone-256mb-dev.tar.gz"
url = "https://github.com/nanvix/libxml2/releases/download/2.12.9-nanvix-0.20.13-sdk.1/libxml2-linux-x86-microvm-standalone-256mb-dev.tar.gz"
id = 480306270

[[package.assets]]
name = "libxml2-linux-x86-microvm-standalone-256mb.tar.gz"
url = "https://github.com/nanvix/libxml2/releases/download/2.12.9-nanvix-0.20.13-sdk.1/libxml2-linux-x86-microvm-standalone-256mb.tar.gz"
id = 480306274

[[package.assets]]
name = "libxml2-windows-x86-microvm-standalone-256mb-dev.zip"
url = "https://github.com/nanvix/libxml2/releases/download/2.12.9-nanvix-0.20.13-sdk.1/libxml2-windows-x86-microvm-standalone-256mb-dev.zip"
id = 480306273

[[package.assets]]
name = "libxml2-windows-x86-microvm-standalone-256mb.zip"
url = "https://github.com/nanvix/libxml2/releases/download/2.12.9-nanvix-0.20.13-sdk.1/libxml2-windows-x86-microvm-standalone-256mb.zip"
id = 480306271

[[package]]
name = "libxslt"
repo = "nanvix/libxslt"
kind = "dependency"
ref-kind = "version"
ref-value = "1.1.42-nanvix-0.20.13-sdk.1"
resolved-tag = "1.1.42-nanvix-0.20.13-sdk.1"
resolved-commitish = "nanvix/v1.1.42"
release-id = 355657817
dependencies = [
    "libxml2",
    "zlib",
]

[[package.assets]]
name = "libxslt-linux-x86-microvm-standalone-256mb-dev.tar.gz"
url = "https://github.com/nanvix/libxslt/releases/download/1.1.42-nanvix-0.20.13-sdk.1/libxslt-linux-x86-microvm-standalone-256mb-dev.tar.gz"
id = 480342852

[[package.assets]]
name = "libxslt-windows-x86-microvm-standalone-256mb-dev.zip"
url = "https://github.com/nanvix/libxslt/releases/download/1.1.42-nanvix-0.20.13-sdk.1/libxslt-windows-x86-microvm-standalone-256mb-dev.zip"
id = 480342855
