# nanvix.lock - auto-generated by nanvix_zutil. DO NOT EDIT.

[metadata]
manifest-hash = "sha256:807785c8f90071d2188ce4bf3ebdd1bb3e0b931e27ae40cd4e998f3b9ba82bf5"
nanvix-zutil-version = "0.16.3"

[metadata.sdk]
schema-version = 1
sdk-version = "v0.21.51-sdk.1"
provider-id = "c-clang"
provider = "clang"
role = "c"
image-name = "ghcr.io/nanvix/nanvix-sdk-c-clang"
image-digest = "sha256:f55df22e4ad240d409d1fddee17c81f368da93ab098bba1ede6e2baaa881917f"
image-ref = "ghcr.io/nanvix/nanvix-sdk-c-clang@sha256:f55df22e4ad240d409d1fddee17c81f368da93ab098bba1ede6e2baaa881917f"
nanvix-tag = "v0.21.51"
nanvix-version = "0.21.51"
nanvix-commit = "b9525e21d7088cb5058b17a00f71021f3d8509e9"
sysroot-sha256 = "65376fee49a8a7f6d5048b5a057f2e9a9e25dc47f26be665aecb56ba0ca5f439"

[metadata.sdk.target]
alias = "i686-nanvix"
triple = "i686-unknown-nanvix"

[metadata.sdk.toolchain]
llvm_commit = "ccb59c4c1479b296738e0e270877692d6255dfc2"
llvm_version = "22.1.8"
port_branch = "nanvix/v22.1.8"

[metadata.sdk.compat]
abi = "static-elf"
c_abi = "i686-nanvix-sysv-1"
cxx_abi = "libc++"
min_nanvix_os = "0.19.9"

[metadata.sdk.features]
compiler_rt = "builtins-only"
dynamic_loader = false
filesystem = true
localization = true
wide_chars = true


[[package]]
name = "nanvix"
repo = "nanvix/nanvix"
kind = "sysroot"
ref-kind = "tag"
ref-value = "0.21.51"
resolved-tag = "v0.21.51"
resolved-commitish = "b9525e21d7088cb5058b17a00f71021f3d8509e9"
release-id = 360818094
dependencies = []

[[package.assets]]
name = "nanvix-windows-x86-microvm-standalone-release-256mb-b9525e21d7088cb5058b17a00f71021f3d8509e9.zip"
url = "https://github.com/nanvix/nanvix/releases/download/v0.21.51/nanvix-windows-x86-microvm-standalone-release-256mb-b9525e21d7088cb5058b17a00f71021f3d8509e9.zip"
id = 492224264

[[package.assets]]
name = "nanvix-x86-microvm-standalone-release-256mb-b9525e21d7088cb5058b17a00f71021f3d8509e9.tar.bz2"
url = "https://github.com/nanvix/nanvix/releases/download/v0.21.51/nanvix-x86-microvm-standalone-release-256mb-b9525e21d7088cb5058b17a00f71021f3d8509e9.tar.bz2"
id = 492224303

[[package]]
name = "zlib"
repo = "nanvix/zlib"
kind = "dependency"
ref-kind = "version"
ref-value = "1.3.1-nanvix-0.21.51-sdk.1"
resolved-tag = "1.3.1-nanvix-0.21.51-sdk.1"
resolved-commitish = "nanvix/v1.3.1"
release-id = 361234736
dependencies = []
required-by = [
    "libxml2",
    "libxslt",
]

[[package.assets]]
name = "zlib-linux-x86-microvm-standalone-256mb-dev.tar.gz"
url = "https://github.com/nanvix/zlib/releases/download/1.3.1-nanvix-0.21.51-sdk.1/zlib-linux-x86-microvm-standalone-256mb-dev.tar.gz"
id = 492943176

[[package.assets]]
name = "zlib-windows-x86-microvm-standalone-256mb-dev.zip"
url = "https://github.com/nanvix/zlib/releases/download/1.3.1-nanvix-0.21.51-sdk.1/zlib-windows-x86-microvm-standalone-256mb-dev.zip"
id = 492943170

[[package]]
name = "libxml2"
repo = "nanvix/libxml2"
kind = "dependency"
ref-kind = "version"
ref-value = "2.12.9-nanvix-0.21.51-sdk.1"
resolved-tag = "2.12.9-nanvix-0.21.51-sdk.1"
resolved-commitish = "nanvix/v2.12.9"
release-id = 361725790
dependencies = [
    "zlib",
]
required-by = [
    "libxslt",
]

[[package.assets]]
name = "libxml2-linux-x86-microvm-standalone-256mb-dev.tar.gz"
url = "https://github.com/nanvix/libxml2/releases/download/2.12.9-nanvix-0.21.51-sdk.1/libxml2-linux-x86-microvm-standalone-256mb-dev.tar.gz"
id = 494000578

[[package.assets]]
name = "libxml2-linux-x86-microvm-standalone-256mb.tar.gz"
url = "https://github.com/nanvix/libxml2/releases/download/2.12.9-nanvix-0.21.51-sdk.1/libxml2-linux-x86-microvm-standalone-256mb.tar.gz"
id = 494000589

[[package.assets]]
name = "libxml2-windows-x86-microvm-standalone-256mb-dev.zip"
url = "https://github.com/nanvix/libxml2/releases/download/2.12.9-nanvix-0.21.51-sdk.1/libxml2-windows-x86-microvm-standalone-256mb-dev.zip"
id = 494000592

[[package.assets]]
name = "libxml2-windows-x86-microvm-standalone-256mb.zip"
url = "https://github.com/nanvix/libxml2/releases/download/2.12.9-nanvix-0.21.51-sdk.1/libxml2-windows-x86-microvm-standalone-256mb.zip"
id = 494000593

[[package]]
name = "libxslt"
repo = "nanvix/libxslt"
kind = "dependency"
ref-kind = "version"
ref-value = "1.1.42-nanvix-0.21.51-sdk.1"
resolved-tag = "1.1.42-nanvix-0.21.51-sdk.1"
resolved-commitish = "nanvix/v1.1.42"
release-id = 361761262
dependencies = [
    "libxml2",
    "zlib",
]

[[package.assets]]
name = "libxslt-linux-x86-microvm-standalone-256mb-dev.tar.gz"
url = "https://github.com/nanvix/libxslt/releases/download/1.1.42-nanvix-0.21.51-sdk.1/libxslt-linux-x86-microvm-standalone-256mb-dev.tar.gz"
id = 494054128

[[package.assets]]
name = "libxslt-windows-x86-microvm-standalone-256mb-dev.zip"
url = "https://github.com/nanvix/libxslt/releases/download/1.1.42-nanvix-0.21.51-sdk.1/libxslt-windows-x86-microvm-standalone-256mb-dev.zip"
id = 494054126
